
Microsoft Visual Studio Solution File, Format Version 12.00
# Visual Studio 15
VisualStudioVersion = 15.0.27703.2026
MinimumVisualStudioVersion = 10.0.40219.1
Project("{9A19103F-16F7-4668-BE54-9A1E7A4F7556}") = "dotnetvuepoc", "dotnetvuepoc.csproj", "{123D2196-1201-41C3-8BDA-B0BE6E13D48B}"
EndProject
Global
	GlobalSection(SolutionConfigurationPlatforms) = preSolution
		Debug|Any CPU = Debug|Any CPU
		Release|Any CPU = Release|Any CPU
	EndGlobalSection
	GlobalSection(ProjectConfigurationPlatforms) = postSolution
		{123D2196-1201-41C3-8BDA-B0BE6E13D48B}.Debug|Any CPU.ActiveCfg = Debug|Any CPU
		{123D2196-1201-41C3-8BDA-B0BE6E13D48B}.Debug|Any CPU.Build.0 = Debug|Any CPU
		{123D2196-1201-41C3-8BDA-B0BE6E13D48B}.Release|Any CPU.ActiveCfg = Release|Any CPU
		{123D2196-1201-41C3-8BDA-B0BE6E13D48B}.Release|Any CPU.Build.0 = Release|Any CPU
	EndGlobalSection
	GlobalSection(SolutionProperties) = preSolution
		HideSolutionNode = FALSE
	EndGlobalSection
	GlobalSection(ExtensibilityGlobals) = postSolution
		SolutionGuid = {A83D9DBA-0919-459A-9ACD-2063AC06EA1E}
	EndGlobalSection
EndGlobal
